
Microsoft Visual Studio Solution File, Format Version 12.00
# Visual Studio 14
VisualStudioVersion = 14.0.25420.1
MinimumVisualStudioVersion = 10.0.40219.1
Project("{FAE04EC0-301F-11D3-BF4B-00C04F79EFBC}") = "POCO", "POCO\POCO.csproj", "{B300AF52-D562-4053-9F8D-4E8DE7C7A470}"
EndProject
Project("{FAE04EC0-301F-11D3-BF4B-00C04F79EFBC}") = "REPO", "REPO\REPO.csproj", "{8FEC9077-5155-49D2-BF29-881CA2C07B37}"
EndProject
Project("{FAE04EC0-301F-11D3-BF4B-00C04F79EFBC}") = "API", "API\API.csproj", "{F86CDEDE-2673-4BB1-8860-B61770A2E1E6}"
EndProject
Project("{FAE04EC0-301F-11D3-BF4B-00C04F79EFBC}") = "APP", "APP\APP.csproj", "{3A59E92A-707A-439C-A786-0588973CADEE}"
EndProject
Global
	GlobalSection(SolutionConfigurationPlatforms) = preSolution
		Debug|Any CPU = Debug|Any CPU
		Release|Any CPU = Release|Any CPU
	EndGlobalSection
	GlobalSection(ProjectConfigurationPlatforms) = postSolution
		{B300AF52-D562-4053-9F8D-4E8DE7C7A470}.Debug|Any CPU.ActiveCfg = Debug|Any CPU
		{B300AF52-D562-4053-9F8D-4E8DE7C7A470}.Debug|Any CPU.Build.0 = Debug|Any CPU
		{B300AF52-D562-4053-9F8D-4E8DE7C7A470}.Release|Any CPU.ActiveCfg = Release|Any CPU
		{B300AF52-D562-4053-9F8D-4E8DE7C7A470}.Release|Any CPU.Build.0 = Release|Any CPU
		{8FEC9077-5155-49D2-BF29-881CA2C07B37}.Debug|Any CPU.ActiveCfg = Debug|Any CPU
		{8FEC9077-5155-49D2-BF29-881CA2C07B37}.Debug|Any CPU.Build.0 = Debug|Any CPU
		{8FEC9077-5155-49D2-BF29-881CA2C07B37}.Release|Any CPU.ActiveCfg = Release|Any CPU
		{8FEC9077-5155-49D2-BF29-881CA2C07B37}.Release|Any CPU.Build.0 = Release|Any CPU
		{F86CDEDE-2673-4BB1-8860-B61770A2E1E6}.Debug|Any CPU.ActiveCfg = Debug|Any CPU
		{F86CDEDE-2673-4BB1-8860-B61770A2E1E6}.Debug|Any CPU.Build.0 = Debug|Any CPU
		{F86CDEDE-2673-4BB1-8860-B61770A2E1E6}.Release|Any CPU.ActiveCfg = Release|Any CPU
		{F86CDEDE-2673-4BB1-8860-B61770A2E1E6}.Release|Any CPU.Build.0 = Release|Any CPU
		{3A59E92A-707A-439C-A786-0588973CADEE}.Debug|Any CPU.ActiveCfg = Debug|Any CPU
		{3A59E92A-707A-439C-A786-0588973CADEE}.Debug|Any CPU.Build.0 = Debug|Any CPU
		{3A59E92A-707A-439C-A786-0588973CADEE}.Release|Any CPU.ActiveCfg = Release|Any CPU
		{3A59E92A-707A-439C-A786-0588973CADEE}.Release|Any CPU.Build.0 = Release|Any CPU
	EndGlobalSection
	GlobalSection(SolutionProperties) = preSolution
		HideSolutionNode = FALSE
	EndGlobalSection
EndGlobal
